{
      "name": "synthetic-pokemon",
      "requires": true,
      "lockfileVersion": 1,
      "dependencies": {
            "bindings": {
                  "version": "1.2.1",
                  "resolved": "https://registry.npmjs.org/bindings/-/bindings-1.2.1.tgz",
                  "integrity": "sha1-FK1hE4EtLTfXLme0ystLtyZQXxE="
            },
            "deasync": {
                  "version": "0.1.10",
                  "resolved": "https://registry.npmjs.org/deasync/-/deasync-0.1.10.tgz",
                  "integrity": "sha1-TkpoNvvgR3vV+Qgwi9KpZVfV1/4=",
                  "requires": {
                        "bindings": "1.2.1",
                        "nan": "2.6.2"
                  }
            },
            "nan": {
                  "version": "2.6.2",
                  "resolved": "https://registry.npmjs.org/nan/-/nan-2.6.2.tgz",
                  "integrity": "sha1-5P805slf37WuzAjeZZb0NgWn20U="
            },
            "recursive-readdir-sync": {
                  "version": "1.0.6",
                  "resolved": "https://registry.npmjs.org/recursive-readdir-sync/-/recursive-readdir-sync-1.0.6.tgz",
                  "integrity": "sha1-Hb9tMvPFu4083pemxYjVR6nhPVY="
            }
      }
}
